github.com/theNewDynamic/hugo-component-tnd-blocks v0.0.0-20200618163712-a1fce85c0c7b h1:KTmxxuhuWevdfoN4rQz8Dq/ZGivhCcky1jFYoqT9xtI=
github.com/theNewDynamic/hugo-component-tnd-blocks v0.0.0-20200618163712-a1fce85c0c7b/go.mod h1:VnztlqJpuK/eTa1KFBvyNCg3OgBGIwCxfccBMLJY3LM=
github.com/theNewDynamic/hugo-component-tnd-forms v0.0.0-20200211220144-02e0fa3ace85/go.mod h1:78sVAcrQDeMCF5ABqDNTdvgEFhLpTTO/20zEO8NZ4IA=
github.com/theNewDynamic/hugo-module-tnd-func v0.0.0-20200622145611-12358ce616bf h1:ThStot6yWtJsBp/Yjazzt4uzffkfQS1SpLjDDPOkH/8=
github.com/theNewDynamic/hugo-module-tnd-func v0.0.0-20200622145611-12358ce616bf/go.mod h1:Fdh6YRjGcYtxRneIRINEtlRbjPv7B8rqVRo6Ug+ynwA=
github.com/theNewDynamic/hugo-module-tnd-icons v0.1.3-0.20200626160319-19bc8534b9de/go.mod h1:5P8x9n4dAq+JChj5o0nUsF5G3ucNQglFoeAn5c1Me9A=
github.com/theNewDynamic/hugo-module-tnd-netlifycms v0.1.5 h1:z/KEYumKfCrVgn58vOCFI+aW7mypprpgtLkubjpUbC0=
github.com/theNewDynamic/hugo-module-tnd-netlifycms v0.1.5/go.mod h1:nq9tIR0Xpx2W2mSQHfJya2OvAfgYOMveqrllijA27vo=
github.com/theNewDynamic/hugo-module-tnd-redirects v1.2.1 h1:bvooL6i4bP8yaVq2fESTWTyrN0W1hZBN8igzaOyyYWE=
github.com/theNewDynamic/hugo-module-tnd-redirects v1.2.1/go.mod h1:UG+i6GOMCwA+ZbpQ9DXX8ImoW4IEY0tKfJ0/EiUZLLg=
github.com/theNewDynamic/hugo-module-tnd-seo v0.0.0-20200629140545-2f8d0a174d75 h1:9Tp/B85W8QRCyoEeomiEMUaHt03tMK169TCjC8XDLpY=
github.com/theNewDynamic/hugo-module-tnd-seo v0.0.0-20200629140545-2f8d0a174d75/go.mod h1:VY3Qvzif9T0Z0rjR85ufUQE1wrS/M5VZC9Dx1V8Vo8Y=
github.com/theNewDynamic/hugo-module-tnd-socials v0.1.4-0.20200626161708-2d861214bfaa/go.mod h1:7WIDUEYoiQVRZVPYPXpTLhSh+J25fPYJuCGNsYby3DM=
github.com/theNewDynamic/hugo-module-tnd-styleguide v0.0.0-20200618163759-e4bd1c768f07 h1:dzTv4HPkZSuXTfqYXak09GQaviOsjPqXi30VQF5L/WE=
github.com/theNewDynamic/hugo-module-tnd-styleguide v0.0.0-20200618163759-e4bd1c768f07/go.mod h1:iHPteGK+nyJ+md0+JJ5vPunkV+CAGZKGd2euh8VqtQA=
github.com/theNewDynamic/hugo-module-tnd-tags v0.0.0-20200626200509-93dcb309850a h1:t5I67C9YSEr4MyzZ7IhcQvHmPSayjk6CpCxhjSI0hgo=
github.com/theNewDynamic/hugo-module-tnd-tags v0.0.0-20200626200509-93dcb309850a/go.mod h1:fuXjv9Nbt2hi6oaOVAqhPRrS4hL9uYcwroo6V/Mw7Uk=
github.com/theNewDynamic/hugo-workshop-starter v1.0.0 h1:PuQaFq4mi7nghX7z7Vn3fOEDez/xzHeqQG+zRAbQ0RY=
github.com/theNewDynamic/hugo-workshop-starter v1.0.0/go.mod h1:04s7iCiCawgDyRVMmNdR+Fimd8zSwLXcKUY+YyWacP8=
